
Microsoft Visual Studio Solution File, Format Version 12.00
# Visual Studio 15
VisualStudioVersion = 15.0.27130.2027
MinimumVisualStudioVersion = 10.0.40219.1
Project("{FAE04EC0-301F-11D3-BF4B-00C04F79EFBC}") = "DbFirst", "DbFirst\DbFirst.csproj", "{97E731C8-D1E8-4665-8364-CB7D1798C243}"
EndProject
Global
	GlobalSection(SolutionConfigurationPlatforms) = preSolution
		Debug|Any CPU = Debug|Any CPU
		Release|Any CPU = Release|Any CPU
	EndGlobalSection
	GlobalSection(ProjectConfigurationPlatforms) = postSolution
		{97E731C8-D1E8-4665-8364-CB7D1798C243}.Debug|Any CPU.ActiveCfg = Debug|Any CPU
		{97E731C8-D1E8-4665-8364-CB7D1798C243}.Debug|Any CPU.Build.0 = Debug|Any CPU
		{97E731C8-D1E8-4665-8364-CB7D1798C243}.Release|Any CPU.ActiveCfg = Release|Any CPU
		{97E731C8-D1E8-4665-8364-CB7D1798C243}.Release|Any CPU.Build.0 = Release|Any CPU
	EndGlobalSection
	GlobalSection(SolutionProperties) = preSolution
		HideSolutionNode = FALSE
	EndGlobalSection
	GlobalSection(ExtensibilityGlobals) = postSolution
		SolutionGuid = {65495F96-0921-4FB1-9547-34A7C13AB177}
	EndGlobalSection
EndGlobal
